# This file is autogenerated, do not edit; changes may be undone by the next 'dep ensure'.


[[projects]]
  digest = "1:2505ada8a497ded339532cfaae30c15365f4e82245a3dbaff7a8453c086b0667"
  name = "github.com/apache/thrift"
  packages = ["lib/go/thrift"]
  pruneopts = "UT"
  revision = "cecee50308fc7e6f77f55b3fd906c1c6c471fa2f"
  version = "v0.13.0"

[[projects]]
  branch = "master"
  digest = "1:700b1e527116332847452edf9febc0c252c026785a8c3cfa3f68a8eeffb09ee8"
  name = "github.com/golang/snappy"
  packages = ["."]
  pruneopts = "UT"
  revision = "ff6b7dc882cf4cfba7ee0b9f7dcc1ac096c554aa"

[solve-meta]
  analyzer-name = "dep"
  analyzer-version = 1
  input-imports = [
    "github.com/apache/thrift/lib/go/thrift",
    "github.com/golang/snappy",
  ]
  solver-name = "gps-cdcl"
  solver-version = 1
